
Microsoft Visual Studio Solution File, Format Version 12.00
# Visual Studio 2015
Project("{FAE04EC0-301F-11D3-BF4B-00C04F79EFBC}") = "Metro.CSharp", "Metro.CSharp.csproj", "{9BF21C26-A8B2-0091-DA10-F3C64AD330A5}"
EndProject
Global
	GlobalSection(SolutionConfigurationPlatforms) = preSolution
		Debug|Any CPU = Debug|Any CPU
		Release|Any CPU = Release|Any CPU
	EndGlobalSection
	GlobalSection(ProjectConfigurationPlatforms) = postSolution
		{9BF21C26-A8B2-0091-DA10-F3C64AD330A5}.Debug|Any CPU.ActiveCfg = Debug|Any CPU
		{9BF21C26-A8B2-0091-DA10-F3C64AD330A5}.Debug|Any CPU.Build.0 = Debug|Any CPU
		{9BF21C26-A8B2-0091-DA10-F3C64AD330A5}.Release|Any CPU.ActiveCfg = Release|Any CPU
		{9BF21C26-A8B2-0091-DA10-F3C64AD330A5}.Release|Any CPU.Build.0 = Release|Any CPU
	EndGlobalSection
	GlobalSection(SolutionProperties) = preSolution
		HideSolutionNode = FALSE
	EndGlobalSection
EndGlobal
